
Microsoft Visual Studio Solution File, Format Version 12.00
# Visual Studio Version 17
VisualStudioVersion = 17.11.35303.130
MinimumVisualStudioVersion = 10.0.40219.1
Project("{FAE04EC0-301F-11D3-BF4B-00C04F79EFBC}") = "DiscordValera", "DiscordValera.csproj", "{28F24231-433B-49BC-80EA-2E70BA1C91B7}"
EndProject
Global
	GlobalSection(SolutionConfigurationPlatforms) = preSolution
		Debug|Any CPU = Debug|Any CPU
		Release|Any CPU = Release|Any CPU
	EndGlobalSection
	GlobalSection(ProjectConfigurationPlatforms) = postSolution
		{28F24231-433B-49BC-80EA-2E70BA1C91B7}.Debug|Any CPU.ActiveCfg = Debug|Any CPU
		{28F24231-433B-49BC-80EA-2E70BA1C91B7}.Debug|Any CPU.Build.0 = Debug|Any CPU
		{28F24231-433B-49BC-80EA-2E70BA1C91B7}.Release|Any CPU.ActiveCfg = Release|Any CPU
		{28F24231-433B-49BC-80EA-2E70BA1C91B7}.Release|Any CPU.Build.0 = Release|Any CPU
	EndGlobalSection
	GlobalSection(SolutionProperties) = preSolution
		HideSolutionNode = FALSE
	EndGlobalSection
	GlobalSection(ExtensibilityGlobals) = postSolution
		SolutionGuid = {11462B4E-3CB9-449E-B832-5F9A821B755B}
	EndGlobalSection
EndGlobal
